// !$*UTF8*$!
{
	archiveVersion = 1;
	classes = {
	};
	objectVersion = 50;
	objects = {

/* Begin PBXBuildFile section */
		8B59CED022876EA20028E39E /* AddForm.swift in Sources */ = {isa = PBXBuildFile; fileRef = 8B59CECF22876EA20028E39E /* AddForm.swift */; };
		8B9B219222766580003EA535 /* AppDelegate.swift in Sources */ = {isa = PBXBuildFile; fileRef = 8B9B219122766580003EA535 /* AppDelegate.swift */; };
		8B9B219722766580003EA535 /* Main.storyboard in Resources */ = {isa = PBXBuildFile; fileRef = 8B9B219522766580003EA535 /* Main.storyboard */; };
		8B9B219A22766580003EA535 /* Form_Creator_Pro.xcdatamodeld in Sources */ = {isa = PBXBuildFile; fileRef = 8B9B219822766580003EA535 /* Form_Creator_Pro.xcdatamodeld */; };
		8B9B219C22766581003EA535 /* Assets.xcassets in Resources */ = {isa = PBXBuildFile; fileRef = 8B9B219B22766581003EA535 /* Assets.xcassets */; };
		8B9B219F22766581003EA535 /* LaunchScreen.storyboard in Resources */ = {isa = PBXBuildFile; fileRef = 8B9B219D22766581003EA535 /* LaunchScreen.storyboard */; };
		8B9B21AA22766581003EA535 /* Form_Creator_ProTests.swift in Sources */ = {isa = PBXBuildFile; fileRef = 8B9B21A922766581003EA535 /* Form_Creator_ProTests.swift */; };
		8B9B21B522766581003EA535 /* Form_Creator_ProUITests.swift in Sources */ = {isa = PBXBuildFile; fileRef = 8B9B21B422766581003EA535 /* Form_Creator_ProUITests.swift */; };
		8B9B21C322766605003EA535 /* Component_Creation.swift in Sources */ = {isa = PBXBuildFile; fileRef = 8B9B21C222766605003EA535 /* Component_Creation.swift */; };
		8BBF12E42288B244008570F2 /* Forms.swift in Sources */ = {isa = PBXBuildFile; fileRef = 8BBF12E32288B244008570F2 /* Forms.swift */; };
		8BBF12E62288B2C2008570F2 /* Mail.swift in Sources */ = {isa = PBXBuildFile; fileRef = 8BBF12E52288B2C2008570F2 /* Mail.swift */; };
		8BBF12E82288B2F5008570F2 /* Logistics.swift in Sources */ = {isa = PBXBuildFile; fileRef = 8BBF12E72288B2F5008570F2 /* Logistics.swift */; };
/* End PBXBuildFile section */

/* Begin PBXContainerItemProxy section */
		8B9B21A622766581003EA535 /* PBXContainerItemProxy */ = {
			isa = PBXContainerItemProxy;
			containerPortal = 8B9B218622766580003EA535 /* Project object */;
			proxyType = 1;
			remoteGlobalIDString = 8B9B218D22766580003EA535;
			remoteInfo = "Form Creator Pro";
		};
		8B9B21B122766581003EA535 /* PBXContainerItemProxy */ = {
			isa = PBXContainerItemProxy;
			containerPortal = 8B9B218622766580003EA535 /* Project object */;
			proxyType = 1;
			remoteGlobalIDString = 8B9B218D22766580003EA535;
			remoteInfo = "Form Creator Pro";
		};
/* End PBXContainerItemProxy section */

/* Begin PBXFileReference section */
		8B59CECF22876EA20028E39E /* AddForm.swift */ = {isa = PBXFileReference; lastKnownFileType = sourcecode.swift; path = AddForm.swift; sourceTree = "<group>"; };
		8B9B218E22766580003EA535 /* Form Creator Pro.app */ = {isa = PBXFileReference; explicitFileType = wrapper.application; includeInIndex = 0; path = "Form Creator Pro.app"; sourceTree = BUILT_PRODUCTS_DIR; };
		8B9B219122766580003EA535 /* AppDelegate.swift */ = {isa = PBXFileReference; lastKnownFileType = sourcecode.swift; path = AppDelegate.swift; sourceTree = "<group>"; };
		8B9B219622766580003EA535 /* Base */ = {isa = PBXFileReference; lastKnownFileType = file.storyboard; name = Base; path = Base.lproj/Main.storyboard; sourceTree = "<group>"; };
		8B9B219922766580003EA535 /* Form_Creator_Pro.xcdatamodel */ = {isa = PBXFileReference; lastKnownFileType = wrapper.xcdatamodel; path = Form_Creator_Pro.xcdatamodel; sourceTree = "<group>"; };
		8B9B219B22766581003EA535 /* Assets.xcassets */ = {isa = PBXFileReference; lastKnownFileType = folder.assetcatalog; path = Assets.xcassets; sourceTree = "<group>"; };
		8B9B219E22766581003EA535 /* Base */ = {isa = PBXFileReference; lastKnownFileType = file.storyboard; name = Base; path = Base.lproj/LaunchScreen.storyboard; sourceTree = "<group>"; };
		8B9B21A022766581003EA535 /* Info.plist */ = {isa = PBXFileReference; lastKnownFileType = text.plist.xml; path = Info.plist; sourceTree = "<group>"; };
		8B9B21A522766581003EA535 /* Form Creator ProTests.xctest */ = {isa = PBXFileReference; explicitFileType = wrapper.cfbundle; includeInIndex = 0; path = "Form Creator ProTests.xctest"; sourceTree = BUILT_PRODUCTS_DIR; };
		8B9B21A922766581003EA535 /* Form_Creator_ProTests.swift */ = {isa = PBXFileReference; lastKnownFileType = sourcecode.swift; path = Form_Creator_ProTests.swift; sourceTree = "<group>"; };
		8B9B21AB22766581003EA535 /* Info.plist */ = {isa = PBXFileReference; lastKnownFileType = text.plist.xml; path = Info.plist; sourceTree = "<group>"; };
		8B9B21B022766581003EA535 /* Form Creator ProUITests.xctest */ = {isa = PBXFileReference; explicitFileType = wrapper.cfbundle; includeInIndex = 0; path = "Form Creator ProUITests.xctest"; sourceTree = BUILT_PRODUCTS_DIR; };
		8B9B21B422766581003EA535 /* Form_Creator_ProUITests.swift */ = {isa = PBXFileReference; lastKnownFileType = sourcecode.swift; path = Form_Creator_ProUITests.swift; sourceTree = "<group>"; };
		8B9B21B622766581003EA535 /* Info.plist */ = {isa = PBXFileReference; lastKnownFileType = text.plist.xml; path = Info.plist; sourceTree = "<group>"; };
		8B9B21C222766605003EA535 /* Component_Creation.swift */ = {isa = PBXFileReference; lastKnownFileType = sourcecode.swift; path = Component_Creation.swift; sourceTree = "<group>"; };
		8BBF12E32288B244008570F2 /* Forms.swift */ = {isa = PBXFileReference; lastKnownFileType = sourcecode.swift; path = Forms.swift; sourceTree = "<group>"; };
		8BBF12E52288B2C2008570F2 /* Mail.swift */ = {isa = PBXFileReference; lastKnownFileType = sourcecode.swift; path = Mail.swift; sourceTree = "<group>"; };
		8BBF12E72288B2F5008570F2 /* Logistics.swift */ = {isa = PBXFileReference; lastKnownFileType = sourcecode.swift; path = Logistics.swift; sourceTree = "<group>"; };
/* End PBXFileReference section */

/* Begin PBXFrameworksBuildPhase section */
		8B9B218B22766580003EA535 /* Frameworks */ = {
			isa = PBXFrameworksBuildPhase;
			buildActionMask = 2147483647;
			files = (
			);
			runOnlyForDeploymentPostprocessing = 0;
		};
		8B9B21A222766581003EA535 /* Frameworks */ = {
			isa = PBXFrameworksBuildPhase;
			buildActionMask = 2147483647;
			files = (
			);
			runOnlyForDeploymentPostprocessing = 0;
		};
		8B9B21AD22766581003EA535 /* Frameworks */ = {
			isa = PBXFrameworksBuildPhase;
			buildActionMask = 2147483647;
			files = (
			);
			runOnlyForDeploymentPostprocessing = 0;
		};
/* End PBXFrameworksBuildPhase section */

/* Begin PBXGroup section */
		8B9B218522766580003EA535 = {
			isa = PBXGroup;
			children = (
				8B9B219022766580003EA535 /* Form Creator Pro */,
				8B9B21A822766581003EA535 /* Form Creator ProTests */,
				8B9B21B322766581003EA535 /* Form Creator ProUITests */,
				8B9B218F22766580003EA535 /* Products */,
			);
			sourceTree = "<group>";
		};
		8B9B218F22766580003EA535 /* Products */ = {
			isa = PBXGroup;
			children = (
				8B9B218E22766580003EA535 /* Form Creator Pro.app */,
				8B9B21A522766581003EA535 /* Form Creator ProTests.xctest */,
				8B9B21B022766581003EA535 /* Form Creator ProUITests.xctest */,
			);
			name = Products;
			sourceTree = "<group>";
		};
		8B9B219022766580003EA535 /* Form Creator Pro */ = {
			isa = PBXGroup;
			children = (
				8B9B219122766580003EA535 /* AppDelegate.swift */,
				8B9B21C222766605003EA535 /* Component_Creation.swift */,
				8BBF12E32288B244008570F2 /* Forms.swift */,
				8B59CECF22876EA20028E39E /* AddForm.swift */,
				8BBF12E52288B2C2008570F2 /* Mail.swift */,
				8BBF12E72288B2F5008570F2 /* Logistics.swift */,
				8B9B219522766580003EA535 /* Main.storyboard */,
				8B9B219B22766581003EA535 /* Assets.xcassets */,
				8B9B219D22766581003EA535 /* LaunchScreen.storyboard */,
				8B9B21A022766581003EA535 /* Info.plist */,
				8B9B219822766580003EA535 /* Form_Creator_Pro.xcdatamodeld */,
			);
			path = "Form Creator Pro";
			sourceTree = "<group>";
		};
		8B9B21A822766581003EA535 /* Form Creator ProTests */ = {
			isa = PBXGroup;
			children = (
				8B9B21A922766581003EA535 /* Form_Creator_ProTests.swift */,
				8B9B21AB22766581003EA535 /* Info.plist */,
			);
			path = "Form Creator ProTests";
			sourceTree = "<group>";
		};
		8B9B21B322766581003EA535 /* Form Creator ProUITests */ = {
			isa = PBXGroup;
			children = (
				8B9B21B422766581003EA535 /* Form_Creator_ProUITests.swift */,
				8B9B21B622766581003EA535 /* Info.plist */,
			);
			path = "Form Creator ProUITests";
			sourceTree = "<group>";
		};
/* End PBXGroup section */

/* Begin PBXNativeTarget section */
		8B9B218D22766580003EA535 /* Form Creator Pro */ = {
			isa = PBXNativeTarget;
			buildConfigurationList = 8B9B21B922766581003EA535 /* Build configuration list for PBXNativeTarget "Form Creator Pro" */;
			buildPhases = (
				8B9B218A22766580003EA535 /* Sources */,
				8B9B218B22766580003EA535 /* Frameworks */,
				8B9B218C22766580003EA535 /* Resources */,
			);
			buildRules = (
			);
			dependencies = (
			);
			name = "Form Creator Pro";
			productName = "Form Creator Pro";
			productReference = 8B9B218E22766580003EA535 /* Form Creator Pro.app */;
			productType = "com.apple.product-type.application";
		};
		8B9B21A422766581003EA535 /* Form Creator ProTests */ = {
			isa = PBXNativeTarget;
			buildConfigurationList = 8B9B21BC22766581003EA535 /* Build configuration list for PBXNativeTarget "Form Creator ProTests" */;
			buildPhases = (
				8B9B21A122766581003EA535 /* Sources */,
				8B9B21A222766581003EA535 /* Frameworks */,
				8B9B21A322766581003EA535 /* Resources */,
			);
			buildRules = (
			);
			dependencies = (
				8B9B21A722766581003EA535 /* PBXTargetDependency */,
			);
			name = "Form Creator ProTests";
			productName = "Form Creator ProTests";
			productReference = 8B9B21A522766581003EA535 /* Form Creator ProTests.xctest */;
			productType = "com.apple.product-type.bundle.unit-test";
		};
		8B9B21AF22766581003EA535 /* Form Creator ProUITests */ = {
			isa = PBXNativeTarget;
			buildConfigurationList = 8B9B21BF22766581003EA535 /* Build configuration list for PBXNativeTarget "Form Creator ProUITests" */;
			buildPhases = (
				8B9B21AC22766581003EA535 /* Sources */,
				8B9B21AD22766581003EA535 /* Frameworks */,
				8B9B21AE22766581003EA535 /* Resources */,
			);
			buildRules = (
			);
			dependencies = (
				8B9B21B222766581003EA535 /* PBXTargetDependency */,
			);
			name = "Form Creator ProUITests";
			productName = "Form Creator ProUITests";
			productReference = 8B9B21B022766581003EA535 /* Form Creator ProUITests.xctest */;
			productType = "com.apple.product-type.bundle.ui-testing";
		};
/* End PBXNativeTarget section */

/* Begin PBXProject section */
		8B9B218622766580003EA535 /* Project object */ = {
			isa = PBXProject;
			attributes = {
				LastSwiftUpdateCheck = 1020;
				LastUpgradeCheck = 1020;
				ORGANIZATIONNAME = ReeseGames;
				TargetAttributes = {
					8B9B218D22766580003EA535 = {
						CreatedOnToolsVersion = 10.2.1;
					};
					8B9B21A422766581003EA535 = {
						CreatedOnToolsVersion = 10.2.1;
						TestTargetID = 8B9B218D22766580003EA535;
					};
					8B9B21AF22766581003EA535 = {
						CreatedOnToolsVersion = 10.2.1;
						TestTargetID = 8B9B218D22766580003EA535;
					};
				};
			};
			buildConfigurationList = 8B9B218922766580003EA535 /* Build configuration list for PBXProject "Form Creator Pro" */;
			compatibilityVersion = "Xcode 9.3";
			developmentRegion = en;
			hasScannedForEncodings = 0;
			knownRegions = (
				en,
				Base,
			);
			mainGroup = 8B9B218522766580003EA535;
			productRefGroup = 8B9B218F22766580003EA535 /* Products */;
			projectDirPath = "";
			projectRoot = "";
			targets = (
				8B9B218D22766580003EA535 /* Form Creator Pro */,
				8B9B21A422766581003EA535 /* Form Creator ProTests */,
				8B9B21AF22766581003EA535 /* Form Creator ProUITests */,
			);
		};
/* End PBXProject section */

/* Begin PBXResourcesBuildPhase section */
		8B9B218C22766580003EA535 /* Resources */ = {
			isa = PBXResourcesBuildPhase;
			buildActionMask = 2147483647;
			files = (
				8B9B219F22766581003EA535 /* LaunchScreen.storyboard in Resources */,
				8B9B219C22766581003EA535 /* Assets.xcassets in Resources */,
				8B9B219722766580003EA535 /* Main.storyboard in Resources */,
			);
			runOnlyForDeploymentPostprocessing = 0;
		};
		8B9B21A322766581003EA535 /* Resources */ = {
			isa = PBXResourcesBuildPhase;
			buildActionMask = 2147483647;
			files = (
			);
			runOnlyForDeploymentPostprocessing = 0;
		};
		8B9B21AE22766581003EA535 /* Resources */ = {
			isa = PBXResourcesBuildPhase;
			buildActionMask = 2147483647;
			files = (
			);
			runOnlyForDeploymentPostprocessing = 0;
		};
/* End PBXResourcesBuildPhase section */

/* Begin PBXSourcesBuildPhase section */
		8B9B218A22766580003EA535 /* Sources */ = {
			isa = PBXSourcesBuildPhase;
			buildActionMask = 2147483647;
			files = (
				8BBF12E62288B2C2008570F2 /* Mail.swift in Sources */,
				8B9B219A22766580003EA535 /* Form_Creator_Pro.xcdatamodeld in Sources */,
				8BBF12E82288B2F5008570F2 /* Logistics.swift in Sources */,
				8BBF12E42288B244008570F2 /* Forms.swift in Sources */,
				8B59CED022876EA20028E39E /* AddForm.swift in Sources */,
				8B9B21C322766605003EA535 /* Component_Creation.swift in Sources */,
				8B9B219222766580003EA535 /* AppDelegate.swift in Sources */,
			);
			runOnlyForDeploymentPostprocessing = 0;
		};
		8B9B21A122766581003EA535 /* Sources */ = {
			isa = PBXSourcesBuildPhase;
			buildActionMask = 2147483647;
			files = (
				8B9B21AA22766581003EA535 /* Form_Creator_ProTests.swift in Sources */,
			);
			runOnlyForDeploymentPostprocessing = 0;
		};
		8B9B21AC22766581003EA535 /* Sources */ = {
			isa = PBXSourcesBuildPhase;
			buildActionMask = 2147483647;
			files = (
				8B9B21B522766581003EA535 /* Form_Creator_ProUITests.swift in Sources */,
			);
			runOnlyForDeploymentPostprocessing = 0;
		};
/* End PBXSourcesBuildPhase section */

/* Begin PBXTargetDependency section */
		8B9B21A722766581003EA535 /* PBXTargetDependency */ = {
			isa = PBXTargetDependency;
			target = 8B9B218D22766580003EA535 /* Form Creator Pro */;
			targetProxy = 8B9B21A622766581003EA535 /* PBXContainerItemProxy */;
		};
		8B9B21B222766581003EA535 /* PBXTargetDependency */ = {
			isa = PBXTargetDependency;
			target = 8B9B218D22766580003EA535 /* Form Creator Pro */;
			targetProxy = 8B9B21B122766581003EA535 /* PBXContainerItemProxy */;
		};
/* End PBXTargetDependency section */

/* Begin PBXVariantGroup section */
		8B9B219522766580003EA535 /* Main.storyboard */ = {
			isa = PBXVariantGroup;
			children = (
				8B9B219622766580003EA535 /* Base */,
			);
			name = Main.storyboard;
			sourceTree = "<group>";
		};
		8B9B219D22766581003EA535 /* LaunchScreen.storyboard */ = {
			isa = PBXVariantGroup;
			children = (
				8B9B219E22766581003EA535 /* Base */,
			);
			name = LaunchScreen.storyboard;
			sourceTree = "<group>";
		};
/* End PBXVariantGroup section */

/* Begin XCBuildConfiguration section */
		8B9B21B722766581003EA535 /* Debug */ = {
			isa = XCBuildConfiguration;
			buildSettings = {
				ALWAYS_SEARCH_USER_PATHS = NO;
				CLANG_ANALYZER_NONNULL = YES;
				CLANG_ANALYZER_NUMBER_OBJECT_CONVERSION = YES_AGGRESSIVE;
				CLANG_CXX_LANGUAGE_STANDARD = "gnu++14";
				CLANG_CXX_LIBRARY = "libc++";
				CLANG_ENABLE_MODULES = YES;
				CLANG_ENABLE_OBJC_ARC = YES;
				CLANG_ENABLE_OBJC_WEAK = YES;
				CLANG_WARN_BLOCK_CAPTURE_AUTORELEASING = YES;
				CLANG_WARN_BOOL_CONVERSION = YES;
				CLANG_WARN_COMMA = YES;
				CLANG_WARN_CONSTANT_CONVERSION = YES;
				CLANG_WARN_DEPRECATED_OBJC_IMPLEMENTATIONS = YES;
				CLANG_WARN_DIRECT_OBJC_ISA_USAGE = YES_ERROR;
				CLANG_WARN_DOCUMENTATION_COMMENTS = YES;
				CLANG_WARN_EMPTY_BODY = YES;
				CLANG_WARN_ENUM_CONVERSION = YES;
				CLANG_WARN_INFINITE_RECURSION = YES;
				CLANG_WARN_INT_CONVERSION = YES;
				CLANG_WARN_NON_LITERAL_NULL_CONVERSION = YES;
				CLANG_WARN_OBJC_IMPLICIT_RETAIN_SELF = YES;
				CLANG_WARN_OBJC_LITERAL_CONVERSION = YES;
				CLANG_WARN_OBJC_ROOT_CLASS = YES_ERROR;
				CLANG_WARN_RANGE_LOOP_ANALYSIS = YES;
				CLANG_WARN_STRICT_PROTOTYPES = YES;
				CLANG_WARN_SUSPICIOUS_MOVE = YES;
				CLANG_WARN_UNGUARDED_AVAILABILITY = YES_AGGRESSIVE;
				CLANG_WARN_UNREACHABLE_CODE = YES;
				CLANG_WARN__DUPLICATE_METHOD_MATCH = YES;
				CODE_SIGN_IDENTITY = "iPhone Developer";
				COPY_PHASE_STRIP = NO;
				DEBUG_INFORMATION_FORMAT = dwarf;
				ENABLE_STRICT_OBJC_MSGSEND = YES;
				ENABLE_TESTABILITY = YES;
				GCC_C_LANGUAGE_STANDARD = gnu11;
				GCC_DYNAMIC_NO_PIC = NO;
				GCC_NO_COMMON_BLOCKS = YES;
				GCC_OPTIMIZATION_LEVEL = 0;
				GCC_PREPROCESSOR_DEFINITIONS = (
					"DEBUG=1",
					"$(inherited)",
				);
				GCC_WARN_64_TO_32_BIT_CONVERSION = YES;
				GCC_WARN_ABOUT_RETURN_TYPE = YES_ERROR;
				GCC_WARN_UNDECLARED_SELECTOR = YES;
				GCC_WARN_UNINITIALIZED_AUTOS = YES_AGGRESSIVE;
				GCC_WARN_UNUSED_FUNCTION = YES;
				GCC_WARN_UNUSED_VARIABLE = YES;
				IPHONEOS_DEPLOYMENT_TARGET = 12.2;
				MTL_ENABLE_DEBUG_INFO = INCLUDE_SOURCE;
				MTL_FAST_MATH = YES;
				ONLY_ACTIVE_ARCH = YES;
				SDKROOT = iphoneos;
				SWIFT_ACTIVE_COMPILATION_CONDITIONS = DEBUG;
				SWIFT_OPTIMIZATION_LEVEL = "-Onone";
			};
			name = Debug;
		};
		8B9B21B822766581003EA535 /* Release */ = {
			isa = XCBuildConfiguration;
			buildSettings = {
				ALWAYS_SEARCH_USER_PATHS = NO;
				CLANG_ANALYZER_NONNULL = YES;
				CLANG_ANALYZER_NUMBER_OBJECT_CONVERSION = YES_AGGRESSIVE;
				CLANG_CXX_LANGUAGE_STANDARD = "gnu++14";
				CLANG_CXX_LIBRARY = "libc++";
				CLANG_ENABLE_MODULES = YES;
				CLANG_ENABLE_OBJC_ARC = YES;
				CLANG_ENABLE_OBJC_WEAK = YES;
				CLANG_WARN_BLOCK_CAPTURE_AUTORELEASING = YES;
				CLANG_WARN_BOOL_CONVERSION = YES;
				CLANG_WARN_COMMA = YES;
				CLANG_WARN_CONSTANT_CONVERSION = YES;
				CLANG_WARN_DEPRECATED_OBJC_IMPLEMENTATIONS = YES;
				CLANG_WARN_DIRECT_OBJC_ISA_USAGE = YES_ERROR;
				CLANG_WARN_DOCUMENTATION_COMMENTS = YES;
				CLANG_WARN_EMPTY_BODY = YES;
				CLANG_WARN_ENUM_CONVERSION = YES;
				CLANG_WARN_INFINITE_RECURSION = YES;
				CLANG_WARN_INT_CONVERSION = YES;
				CLANG_WARN_NON_LITERAL_NULL_CONVERSION = YES;
				CLANG_WARN_OBJC_IMPLICIT_RETAIN_SELF = YES;
				CLANG_WARN_OBJC_LITERAL_CONVERSION = YES;
				CLANG_WARN_OBJC_ROOT_CLASS = YES_ERROR;
				CLANG_WARN_RANGE_LOOP_ANALYSIS = YES;
				CLANG_WARN_STRICT_PROTOTYPES = YES;
				CLANG_WARN_SUSPICIOUS_MOVE = YES;
				CLANG_WARN_UNGUARDED_AVAILABILITY = YES_AGGRESSIVE;
				CLANG_WARN_UNREACHABLE_CODE = YES;
				CLANG_WARN__DUPLICATE_METHOD_MATCH = YES;
				CODE_SIGN_IDENTITY = "iPhone Developer";
				COPY_PHASE_STRIP = NO;
				DEBUG_INFORMATION_FORMAT = "dwarf-with-dsym";
				ENABLE_NS_ASSERTIONS = NO;
				ENABLE_STRICT_OBJC_MSGSEND = YES;
				GCC_C_LANGUAGE_STANDARD = gnu11;
				GCC_NO_COMMON_BLOCKS = YES;
				GCC_WARN_64_TO_32_BIT_CONVERSION = YES;
				GCC_WARN_ABOUT_RETURN_TYPE = YES_ERROR;
				GCC_WARN_UNDECLARED_SELECTOR = YES;
				GCC_WARN_UNINITIALIZED_AUTOS = YES_AGGRESSIVE;
				GCC_WARN_UNUSED_FUNCTION = YES;
				GCC_WARN_UNUSED_VARIABLE = YES;
				IPHONEOS_DEPLOYMENT_TARGET = 12.2;
				MTL_ENABLE_DEBUG_INFO = NO;
				MTL_FAST_MATH = YES;
				SDKROOT = iphoneos;
				SWIFT_COMPILATION_MODE = wholemodule;
				SWIFT_OPTIMIZATION_LEVEL = "-O";
				VALIDATE_PRODUCT = YES;
			};
			name = Release;
		};
		8B9B21BA22766581003EA535 /* Debug */ = {
			isa = XCBuildConfiguration;
			buildSettings = {
				ASSETCATALOG_COMPILER_APPICON_NAME = AppIcon;
				CODE_SIGN_STYLE = Automatic;
				DEVELOPMENT_TEAM = NC7C453YSR;
				INFOPLIST_FILE = "Form Creator Pro/Info.plist";
				LD_RUNPATH_SEARCH_PATHS = (
					"$(inherited)",
					"@executable_path/Frameworks",
				);
				PRODUCT_BUNDLE_IDENTIFIER = "ReeseGames.Form-Creator-Pro";
				PRODUCT_NAME = "$(TARGET_NAME)";
				SWIFT_VERSION = 5.0;
				TARGETED_DEVICE_FAMILY = "1,2";
			};
			name = Debug;
		};
		8B9B21BB22766581003EA535 /* Release */ = {
			isa = XCBuildConfiguration;
			buildSettings = {
				ASSETCATALOG_COMPILER_APPICON_NAME = AppIcon;
				CODE_SIGN_STYLE = Automatic;
				DEVELOPMENT_TEAM = NC7C453YSR;
				INFOPLIST_FILE = "Form Creator Pro/Info.plist";
				LD_RUNPATH_SEARCH_PATHS = (
					"$(inherited)",
					"@executable_path/Frameworks",
				);
				PRODUCT_BUNDLE_IDENTIFIER = "ReeseGames.Form-Creator-Pro";
				PRODUCT_NAME = "$(TARGET_NAME)";
				SWIFT_VERSION = 5.0;
				TARGETED_DEVICE_FAMILY = "1,2";
			};
			name = Release;
		};
		8B9B21BD22766581003EA535 /* Debug */ = {
			isa = XCBuildConfiguration;
			buildSettings = {
				ALWAYS_EMBED_SWIFT_STANDARD_LIBRARIES = YES;
				BUNDLE_LOADER = "$(TEST_HOST)";
				CODE_SIGN_STYLE = Automatic;
				DEVELOPMENT_TEAM = NC7C453YSR;
				INFOPLIST_FILE = "Form Creator ProTests/Info.plist";
				LD_RUNPATH_SEARCH_PATHS = (
					"$(inherited)",
					"@executable_path/Frameworks",
					"@loader_path/Frameworks",
				);
				PRODUCT_BUNDLE_IDENTIFIER = "ReeseGames.Form-Creator-ProTests";
				PRODUCT_NAME = "$(TARGET_NAME)";
				SWIFT_VERSION = 5.0;
				TARGETED_DEVICE_FAMILY = "1,2";
				TEST_HOST = "$(BUILT_PRODUCTS_DIR)/Form Creator Pro.app/Form Creator Pro";
			};
			name = Debug;
		};
		8B9B21BE22766581003EA535 /* Release */ = {
			isa = XCBuildConfiguration;
			buildSettings = {
				ALWAYS_EMBED_SWIFT_STANDARD_LIBRARIES = YES;
				BUNDLE_LOADER = "$(TEST_HOST)";
				CODE_SIGN_STYLE = Automatic;
				DEVELOPMENT_TEAM = NC7C453YSR;
				INFOPLIST_FILE = "Form Creator ProTests/Info.plist";
				LD_RUNPATH_SEARCH_PATHS = (
					"$(inherited)",
					"@executable_path/Frameworks",
					"@loader_path/Frameworks",
				);
				PRODUCT_BUNDLE_IDENTIFIER = "ReeseGames.Form-Creator-ProTests";
				PRODUCT_NAME = "$(TARGET_NAME)";
				SWIFT_VERSION = 5.0;
				TARGETED_DEVICE_FAMILY = "1,2";
				TEST_HOST = "$(BUILT_PRODUCTS_DIR)/Form Creator Pro.app/Form Creator Pro";
			};
			name = Release;
		};
		8B9B21C022766581003EA535 /* Debug */ = {
			isa = XCBuildConfiguration;
			buildSettings = {
				ALWAYS_EMBED_SWIFT_STANDARD_LIBRARIES = YES;
				CODE_SIGN_STYLE = Automatic;
				DEVELOPMENT_TEAM = NC7C453YSR;
				INFOPLIST_FILE = "Form Creator ProUITests/Info.plist";
				LD_RUNPATH_SEARCH_PATHS = (
					"$(inherited)",
					"@executable_path/Frameworks",
					"@loader_path/Frameworks",
				);
				PRODUCT_BUNDLE_IDENTIFIER = "ReeseGames.Form-Creator-ProUITests";
				PRODUCT_NAME = "$(TARGET_NAME)";
				SWIFT_VERSION = 5.0;
				TARGETED_DEVICE_FAMILY = "1,2";
				TEST_TARGET_NAME = "Form Creator Pro";
			};
			name = Debug;
		};
		8B9B21C122766581003EA535 /* Release */ = {
			isa = XCBuildConfiguration;
			buildSettings = {
				ALWAYS_EMBED_SWIFT_STANDARD_LIBRARIES = YES;
				CODE_SIGN_STYLE = Automatic;
				DEVELOPMENT_TEAM = NC7C453YSR;
				INFOPLIST_FILE = "Form Creator ProUITests/Info.plist";
				LD_RUNPATH_SEARCH_PATHS = (
					"$(inherited)",
					"@executable_path/Frameworks",
					"@loader_path/Frameworks",
				);
				PRODUCT_BUNDLE_IDENTIFIER = "ReeseGames.Form-Creator-ProUITests";
				PRODUCT_NAME = "$(TARGET_NAME)";
				SWIFT_VERSION = 5.0;
				TARGETED_DEVICE_FAMILY = "1,2";
				TEST_TARGET_NAME = "Form Creator Pro";
			};
			name = Release;
		};
/* End XCBuildConfiguration section */

/* Begin XCConfigurationList section */
		8B9B218922766580003EA535 /* Build configuration list for PBXProject "Form Creator Pro" */ = {
			isa = XCConfigurationList;
			buildConfigurations = (
				8B9B21B722766581003EA535 /* Debug */,
				8B9B21B822766581003EA535 /* Release */,
			);
			defaultConfigurationIsVisible = 0;
			defaultConfigurationName = Release;
		};
		8B9B21B922766581003EA535 /* Build configuration list for PBXNativeTarget "Form Creator Pro" */ = {
			isa = XCConfigurationList;
			buildConfigurations = (
				8B9B21BA22766581003EA535 /* Debug */,
				8B9B21BB22766581003EA535 /* Release */,
			);
			defaultConfigurationIsVisible = 0;
			defaultConfigurationName = Release;
		};
		8B9B21BC22766581003EA535 /* Build configuration list for PBXNativeTarget "Form Creator ProTests" */ = {
			isa = XCConfigurationList;
			buildConfigurations = (
				8B9B21BD22766581003EA535 /* Debug */,
				8B9B21BE22766581003EA535 /* Release */,
			);
			defaultConfigurationIsVisible = 0;
			defaultConfigurationName = Release;
		};
		8B9B21BF22766581003EA535 /* Build configuration list for PBXNativeTarget "Form Creator ProUITests" */ = {
			isa = XCConfigurationList;
			buildConfigurations = (
				8B9B21C022766581003EA535 /* Debug */,
				8B9B21C122766581003EA535 /* Release */,
			);
			defaultConfigurationIsVisible = 0;
			defaultConfigurationName = Release;
		};
/* End XCConfigurationList section */

/* Begin XCVersionGroup section */
		8B9B219822766580003EA535 /* Form_Creator_Pro.xcdatamodeld */ = {
			isa = XCVersionGroup;
			children = (
				8B9B219922766580003EA535 /* Form_Creator_Pro.xcdatamodel */,
			);
			currentVersion = 8B9B219922766580003EA535 /* Form_Creator_Pro.xcdatamodel */;
			path = Form_Creator_Pro.xcdatamodeld;
			sourceTree = "<group>";
			versionGroupType = wrapper.xcdatamodel;
		};
/* End XCVersionGroup section */
	};
	rootObject = 8B9B218622766580003EA535 /* Project object */;
}
